<?xml version="1.0" encoding="UTF-8" standalone="yes" ?>
<CodeBlocks_project_file>
	<FileVersion major="1" minor="6" />
	<Project>
		<Option title="AstroQUT" />
		<Option pch_mode="2" />
		<Option compiler="gcc" />
		<Build>
			<Target title="Debug">
				<Option output="bin/Debug/AstroQUT" prefix_auto="1" extension_auto="1" />
				<Option object_output="obj/Debug/" />
				<Option type="1" />
				<Option compiler="gcc" />
				<Compiler>
					<Add option="-Wnon-virtual-dtor" />
					<Add option="-Wshadow" />
					<Add option="-Winit-self" />
					<Add option="-Wredundant-decls" />
					<Add option="-Wcast-align" />
					<Add option="-Wundef" />
					<Add option="-Wfloat-equal" />
					<Add option="-Winline" />
					<Add option="-Wunreachable-code" />
					<Add option="-Wmissing-declarations" />
					<Add option="-Wmissing-include-dirs" />
					<Add option="-Wswitch-enum" />
					<Add option="-Wswitch-default" />
					<Add option="-Weffc++" />
					<Add option="-Wzero-as-null-pointer-constant" />
					<Add option="-Wmain" />
					<Add option="-pedantic" />
					<Add option="-Wextra" />
					<Add option="-Wall" />
					<Add option="-g" />
				</Compiler>
			</Target>
			<Target title="ReleaseO2">
				<Option output="bin/ReleaseO2/AstroQUT" prefix_auto="1" extension_auto="1" />
				<Option object_output="obj/ReleaseO2/" />
				<Option type="1" />
				<Option compiler="gcc" />
				<Compiler>
					<Add option="-O2" />
				</Compiler>
			</Target>
			<Target title="ReleaseO3">
				<Option output="bin/ReleaseO3/AstroQUT" prefix_auto="1" extension_auto="1" />
				<Option object_output="obj/ReleaseO3/" />
				<Option type="1" />
				<Option compiler="gcc" />
				<Compiler>
					<Add option="-O3" />
					<Add option="-g" />
				</Compiler>
			</Target>
		</Build>
		<Compiler>
			<Add option="-m64" />
			<Add option="-fopenmp -std=c++17 -march=native -mavx2" />
			<Add directory="include" />
			<Add directory="extern_include/eigen-eigen-5a0156e40feb" />
		</Compiler>
		<Linker>
			<Add option="-m64" />
			<Add option="-fopenmp" />
			<Add directory="include" />
		</Linker>
		<Unit filename=".gitignore" />
		<Unit filename="include/WS.hpp" />
		<Unit filename="include/const.hpp" />
		<Unit filename="include/fista/poisson.hpp" />
		<Unit filename="include/settings.hpp" />
		<Unit filename="include/test.hpp" />
		<Unit filename="include/test/fista.hpp" />
		<Unit filename="include/test/matrix.hpp" />
		<Unit filename="include/test/operator.hpp" />
		<Unit filename="include/utils/linearop.hpp" />
		<Unit filename="include/utils/matrix.hpp" />
		<Unit filename="include/utils/matrix/functions.hpp" />
		<Unit filename="include/utils/operator.hpp" />
		<Unit filename="include/utils/operator/convolution.hpp" />
		<Unit filename="include/utils/operator/matmult.hpp" />
		<Unit filename="include/utils/operators.hpp" />
		<Unit filename="src/WS.cpp" />
		<Unit filename="src/fista/poisson.cpp" />
		<Unit filename="src/main.cpp" />
		<Unit filename="src/test.cpp" />
		<Unit filename="src/test/fista.cpp" />
		<Unit filename="src/test/matrix.cpp" />
		<Unit filename="src/test/operator.cpp" />
		<Extensions>
			<code_completion />
			<envvars />
			<debugger />
		</Extensions>
	</Project>
</CodeBlocks_project_file>
